
Microsoft Visual Studio Solution File, Format Version 12.00
# Visual Studio Version 16
VisualStudioVersion = 16.0.31729.503
MinimumVisualStudioVersion = 10.0.40219.1
Project("{FAE04EC0-301F-11D3-BF4B-00C04F79EFBC}") = "CreateTickerDatabase", "CreateTickerDatabase\CreateTickerDatabase.csproj", "{029DEF9C-121D-4689-8DB6-34CAA98A215F}"
EndProject
Project("{FAE04EC0-301F-11D3-BF4B-00C04F79EFBC}") = "StockDatabase", "StockDatabase\StockDatabase.csproj", "{5E421295-3328-4CD7-A9E9-31519C2B3795}"
	ProjectSection(ProjectDependencies) = postProject
		{029DEF9C-121D-4689-8DB6-34CAA98A215F} = {029DEF9C-121D-4689-8DB6-34CAA98A215F}
	EndProjectSection
EndProject
Project("{FAE04EC0-301F-11D3-BF4B-00C04F79EFBC}") = "TestStockDatabase", "TestStockDatabase\TestStockDatabase.csproj", "{C4FEF110-E4B3-4476-86BB-C41022B9892D}"
EndProject
Global
	GlobalSection(SolutionConfigurationPlatforms) = preSolution
		Debug|Any CPU = Debug|Any CPU
		Debug|x64 = Debug|x64
		Debug|x86 = Debug|x86
		DEV|Any CPU = DEV|Any CPU
		DEV|x64 = DEV|x64
		DEV|x86 = DEV|x86
		PROD|Any CPU = PROD|Any CPU
		PROD|x64 = PROD|x64
		PROD|x86 = PROD|x86
		Release|Any CPU = Release|Any CPU
		Release|x64 = Release|x64
		Release|x86 = Release|x86
	EndGlobalSection
	GlobalSection(ProjectConfigurationPlatforms) = postSolution
		{029DEF9C-121D-4689-8DB6-34CAA98A215F}.Debug|Any CPU.ActiveCfg = Debug|Any CPU
		{029DEF9C-121D-4689-8DB6-34CAA98A215F}.Debug|Any CPU.Build.0 = Debug|Any CPU
		{029DEF9C-121D-4689-8DB6-34CAA98A215F}.Debug|x64.ActiveCfg = Debug|Any CPU
		{029DEF9C-121D-4689-8DB6-34CAA98A215F}.Debug|x64.Build.0 = Debug|Any CPU
		{029DEF9C-121D-4689-8DB6-34CAA98A215F}.Debug|x86.ActiveCfg = Debug|Any CPU
		{029DEF9C-121D-4689-8DB6-34CAA98A215F}.Debug|x86.Build.0 = Debug|Any CPU
		{029DEF9C-121D-4689-8DB6-34CAA98A215F}.DEV|Any CPU.ActiveCfg = Debug|Any CPU
		{029DEF9C-121D-4689-8DB6-34CAA98A215F}.DEV|Any CPU.Build.0 = Debug|Any CPU
		{029DEF9C-121D-4689-8DB6-34CAA98A215F}.DEV|x64.ActiveCfg = Debug|Any CPU
		{029DEF9C-121D-4689-8DB6-34CAA98A215F}.DEV|x64.Build.0 = Debug|Any CPU
		{029DEF9C-121D-4689-8DB6-34CAA98A215F}.DEV|x86.ActiveCfg = Debug|Any CPU
		{029DEF9C-121D-4689-8DB6-34CAA98A215F}.DEV|x86.Build.0 = Debug|Any CPU
		{029DEF9C-121D-4689-8DB6-34CAA98A215F}.PROD|Any CPU.ActiveCfg = Debug|Any CPU
		{029DEF9C-121D-4689-8DB6-34CAA98A215F}.PROD|Any CPU.Build.0 = Debug|Any CPU
		{029DEF9C-121D-4689-8DB6-34CAA98A215F}.PROD|x64.ActiveCfg = Debug|Any CPU
		{029DEF9C-121D-4689-8DB6-34CAA98A215F}.PROD|x64.Build.0 = Debug|Any CPU
		{029DEF9C-121D-4689-8DB6-34CAA98A215F}.PROD|x86.ActiveCfg = Debug|Any CPU
		{029DEF9C-121D-4689-8DB6-34CAA98A215F}.PROD|x86.Build.0 = Debug|Any CPU
		{029DEF9C-121D-4689-8DB6-34CAA98A215F}.Release|Any CPU.ActiveCfg = Release|Any CPU
		{029DEF9C-121D-4689-8DB6-34CAA98A215F}.Release|Any CPU.Build.0 = Release|Any CPU
		{029DEF9C-121D-4689-8DB6-34CAA98A215F}.Release|x64.ActiveCfg = Release|Any CPU
		{029DEF9C-121D-4689-8DB6-34CAA98A215F}.Release|x64.Build.0 = Release|Any CPU
		{029DEF9C-121D-4689-8DB6-34CAA98A215F}.Release|x86.ActiveCfg = Release|Any CPU
		{029DEF9C-121D-4689-8DB6-34CAA98A215F}.Release|x86.Build.0 = Release|Any CPU
		{5E421295-3328-4CD7-A9E9-31519C2B3795}.Debug|Any CPU.ActiveCfg = Debug|Any CPU
		{5E421295-3328-4CD7-A9E9-31519C2B3795}.Debug|Any CPU.Build.0 = Debug|Any CPU
		{5E421295-3328-4CD7-A9E9-31519C2B3795}.Debug|x64.ActiveCfg = Debug|Any CPU
		{5E421295-3328-4CD7-A9E9-31519C2B3795}.Debug|x64.Build.0 = Debug|Any CPU
		{5E421295-3328-4CD7-A9E9-31519C2B3795}.Debug|x86.ActiveCfg = Debug|Any CPU
		{5E421295-3328-4CD7-A9E9-31519C2B3795}.Debug|x86.Build.0 = Debug|Any CPU
		{5E421295-3328-4CD7-A9E9-31519C2B3795}.DEV|Any CPU.ActiveCfg = Debug|Any CPU
		{5E421295-3328-4CD7-A9E9-31519C2B3795}.DEV|Any CPU.Build.0 = Debug|Any CPU
		{5E421295-3328-4CD7-A9E9-31519C2B3795}.DEV|x64.ActiveCfg = Debug|Any CPU
		{5E421295-3328-4CD7-A9E9-31519C2B3795}.DEV|x64.Build.0 = Debug|Any CPU
		{5E421295-3328-4CD7-A9E9-31519C2B3795}.DEV|x86.ActiveCfg = Debug|Any CPU
		{5E421295-3328-4CD7-A9E9-31519C2B3795}.DEV|x86.Build.0 = Debug|Any CPU
		{5E421295-3328-4CD7-A9E9-31519C2B3795}.PROD|Any CPU.ActiveCfg = Debug|Any CPU
		{5E421295-3328-4CD7-A9E9-31519C2B3795}.PROD|Any CPU.Build.0 = Debug|Any CPU
		{5E421295-3328-4CD7-A9E9-31519C2B3795}.PROD|x64.ActiveCfg = Debug|Any CPU
		{5E421295-3328-4CD7-A9E9-31519C2B3795}.PROD|x64.Build.0 = Debug|Any CPU
		{5E421295-3328-4CD7-A9E9-31519C2B3795}.PROD|x86.ActiveCfg = Debug|Any CPU
		{5E421295-3328-4CD7-A9E9-31519C2B3795}.PROD|x86.Build.0 = Debug|Any CPU
		{5E421295-3328-4CD7-A9E9-31519C2B3795}.Release|Any CPU.ActiveCfg = Release|Any CPU
		{5E421295-3328-4CD7-A9E9-31519C2B3795}.Release|Any CPU.Build.0 = Release|Any CPU
		{5E421295-3328-4CD7-A9E9-31519C2B3795}.Release|x64.ActiveCfg = Release|Any CPU
		{5E421295-3328-4CD7-A9E9-31519C2B3795}.Release|x64.Build.0 = Release|Any CPU
		{5E421295-3328-4CD7-A9E9-31519C2B3795}.Release|x86.ActiveCfg = Release|Any CPU
		{5E421295-3328-4CD7-A9E9-31519C2B3795}.Release|x86.Build.0 = Release|Any CPU
		{C4FEF110-E4B3-4476-86BB-C41022B9892D}.Debug|Any CPU.ActiveCfg = Debug|Any CPU
		{C4FEF110-E4B3-4476-86BB-C41022B9892D}.Debug|Any CPU.Build.0 = Debug|Any CPU
		{C4FEF110-E4B3-4476-86BB-C41022B9892D}.Debug|x64.ActiveCfg = Debug|Any CPU
		{C4FEF110-E4B3-4476-86BB-C41022B9892D}.Debug|x64.Build.0 = Debug|Any CPU
		{C4FEF110-E4B3-4476-86BB-C41022B9892D}.Debug|x86.ActiveCfg = Debug|Any CPU
		{C4FEF110-E4B3-4476-86BB-C41022B9892D}.Debug|x86.Build.0 = Debug|Any CPU
		{C4FEF110-E4B3-4476-86BB-C41022B9892D}.DEV|Any CPU.ActiveCfg = Debug|Any CPU
		{C4FEF110-E4B3-4476-86BB-C41022B9892D}.DEV|Any CPU.Build.0 = Debug|Any CPU
		{C4FEF110-E4B3-4476-86BB-C41022B9892D}.DEV|x64.ActiveCfg = Debug|Any CPU
		{C4FEF110-E4B3-4476-86BB-C41022B9892D}.DEV|x64.Build.0 = Debug|Any CPU
		{C4FEF110-E4B3-4476-86BB-C41022B9892D}.DEV|x86.ActiveCfg = Debug|Any CPU
		{C4FEF110-E4B3-4476-86BB-C41022B9892D}.DEV|x86.Build.0 = Debug|Any CPU
		{C4FEF110-E4B3-4476-86BB-C41022B9892D}.PROD|Any CPU.ActiveCfg = Debug|Any CPU
		{C4FEF110-E4B3-4476-86BB-C41022B9892D}.PROD|Any CPU.Build.0 = Debug|Any CPU
		{C4FEF110-E4B3-4476-86BB-C41022B9892D}.PROD|x64.ActiveCfg = Debug|Any CPU
		{C4FEF110-E4B3-4476-86BB-C41022B9892D}.PROD|x64.Build.0 = Debug|Any CPU
		{C4FEF110-E4B3-4476-86BB-C41022B9892D}.PROD|x86.ActiveCfg = Debug|Any CPU
		{C4FEF110-E4B3-4476-86BB-C41022B9892D}.PROD|x86.Build.0 = Debug|Any CPU
		{C4FEF110-E4B3-4476-86BB-C41022B9892D}.Release|Any CPU.ActiveCfg = Release|Any CPU
		{C4FEF110-E4B3-4476-86BB-C41022B9892D}.Release|Any CPU.Build.0 = Release|Any CPU
		{C4FEF110-E4B3-4476-86BB-C41022B9892D}.Release|x64.ActiveCfg = Release|Any CPU
		{C4FEF110-E4B3-4476-86BB-C41022B9892D}.Release|x64.Build.0 = Release|Any CPU
		{C4FEF110-E4B3-4476-86BB-C41022B9892D}.Release|x86.ActiveCfg = Release|Any CPU
		{C4FEF110-E4B3-4476-86BB-C41022B9892D}.Release|x86.Build.0 = Release|Any CPU
	EndGlobalSection
	GlobalSection(SolutionProperties) = preSolution
		HideSolutionNode = FALSE
	EndGlobalSection
	GlobalSection(ExtensibilityGlobals) = postSolution
		SolutionGuid = {2BCCEEF6-24E3-48AF-94F5-2BADCB752E37}
	EndGlobalSection
EndGlobal
