
Microsoft Visual Studio Solution File, Format Version 12.00
# Visual Studio Version 16
VisualStudioVersion = 16.0.31729.503
MinimumVisualStudioVersion = 10.0.40219.1
Project("{FAE04EC0-301F-11D3-BF4B-00C04F79EFBC}") = "AcpCommon", "AcpCommon\AcpCommon.csproj", "{739C02AA-489A-444C-893A-98561C7E73D5}"
EndProject
Project("{FAE04EC0-301F-11D3-BF4B-00C04F79EFBC}") = "Tests", "Tests\Tests.csproj", "{61E9CA5A-5F32-4FEF-8D29-60E56AF722AC}"
EndProject
Global
	GlobalSection(SolutionConfigurationPlatforms) = preSolution
		Debug|Any CPU = Debug|Any CPU
		Debug|x64 = Debug|x64
		Debug|x86 = Debug|x86
		DEV|Any CPU = DEV|Any CPU
		DEV|x64 = DEV|x64
		DEV|x86 = DEV|x86
		PROD|Any CPU = PROD|Any CPU
		PROD|x64 = PROD|x64
		PROD|x86 = PROD|x86
		Release|Any CPU = Release|Any CPU
		Release|x64 = Release|x64
		Release|x86 = Release|x86
	EndGlobalSection
	GlobalSection(ProjectConfigurationPlatforms) = postSolution
		{739C02AA-489A-444C-893A-98561C7E73D5}.Debug|Any CPU.ActiveCfg = Debug|Any CPU
		{739C02AA-489A-444C-893A-98561C7E73D5}.Debug|Any CPU.Build.0 = Debug|Any CPU
		{739C02AA-489A-444C-893A-98561C7E73D5}.Debug|x64.ActiveCfg = Debug|Any CPU
		{739C02AA-489A-444C-893A-98561C7E73D5}.Debug|x64.Build.0 = Debug|Any CPU
		{739C02AA-489A-444C-893A-98561C7E73D5}.Debug|x86.ActiveCfg = Debug|Any CPU
		{739C02AA-489A-444C-893A-98561C7E73D5}.Debug|x86.Build.0 = Debug|Any CPU
		{739C02AA-489A-444C-893A-98561C7E73D5}.DEV|Any CPU.ActiveCfg = Debug|Any CPU
		{739C02AA-489A-444C-893A-98561C7E73D5}.DEV|Any CPU.Build.0 = Debug|Any CPU
		{739C02AA-489A-444C-893A-98561C7E73D5}.DEV|x64.ActiveCfg = Debug|Any CPU
		{739C02AA-489A-444C-893A-98561C7E73D5}.DEV|x64.Build.0 = Debug|Any CPU
		{739C02AA-489A-444C-893A-98561C7E73D5}.DEV|x86.ActiveCfg = Debug|Any CPU
		{739C02AA-489A-444C-893A-98561C7E73D5}.DEV|x86.Build.0 = Debug|Any CPU
		{739C02AA-489A-444C-893A-98561C7E73D5}.PROD|Any CPU.ActiveCfg = Debug|Any CPU
		{739C02AA-489A-444C-893A-98561C7E73D5}.PROD|Any CPU.Build.0 = Debug|Any CPU
		{739C02AA-489A-444C-893A-98561C7E73D5}.PROD|x64.ActiveCfg = Debug|Any CPU
		{739C02AA-489A-444C-893A-98561C7E73D5}.PROD|x64.Build.0 = Debug|Any CPU
		{739C02AA-489A-444C-893A-98561C7E73D5}.PROD|x86.ActiveCfg = Debug|Any CPU
		{739C02AA-489A-444C-893A-98561C7E73D5}.PROD|x86.Build.0 = Debug|Any CPU
		{739C02AA-489A-444C-893A-98561C7E73D5}.Release|Any CPU.ActiveCfg = Release|Any CPU
		{739C02AA-489A-444C-893A-98561C7E73D5}.Release|Any CPU.Build.0 = Release|Any CPU
		{739C02AA-489A-444C-893A-98561C7E73D5}.Release|x64.ActiveCfg = Release|Any CPU
		{739C02AA-489A-444C-893A-98561C7E73D5}.Release|x64.Build.0 = Release|Any CPU
		{739C02AA-489A-444C-893A-98561C7E73D5}.Release|x86.ActiveCfg = Release|Any CPU
		{739C02AA-489A-444C-893A-98561C7E73D5}.Release|x86.Build.0 = Release|Any CPU
		{61E9CA5A-5F32-4FEF-8D29-60E56AF722AC}.Debug|Any CPU.ActiveCfg = Debug|Any CPU
		{61E9CA5A-5F32-4FEF-8D29-60E56AF722AC}.Debug|Any CPU.Build.0 = Debug|Any CPU
		{61E9CA5A-5F32-4FEF-8D29-60E56AF722AC}.Debug|x64.ActiveCfg = Debug|Any CPU
		{61E9CA5A-5F32-4FEF-8D29-60E56AF722AC}.Debug|x64.Build.0 = Debug|Any CPU
		{61E9CA5A-5F32-4FEF-8D29-60E56AF722AC}.Debug|x86.ActiveCfg = Debug|Any CPU
		{61E9CA5A-5F32-4FEF-8D29-60E56AF722AC}.Debug|x86.Build.0 = Debug|Any CPU
		{61E9CA5A-5F32-4FEF-8D29-60E56AF722AC}.DEV|Any CPU.ActiveCfg = Debug|Any CPU
		{61E9CA5A-5F32-4FEF-8D29-60E56AF722AC}.DEV|Any CPU.Build.0 = Debug|Any CPU
		{61E9CA5A-5F32-4FEF-8D29-60E56AF722AC}.DEV|x64.ActiveCfg = Debug|Any CPU
		{61E9CA5A-5F32-4FEF-8D29-60E56AF722AC}.DEV|x64.Build.0 = Debug|Any CPU
		{61E9CA5A-5F32-4FEF-8D29-60E56AF722AC}.DEV|x86.ActiveCfg = Debug|Any CPU
		{61E9CA5A-5F32-4FEF-8D29-60E56AF722AC}.DEV|x86.Build.0 = Debug|Any CPU
		{61E9CA5A-5F32-4FEF-8D29-60E56AF722AC}.PROD|Any CPU.ActiveCfg = Debug|Any CPU
		{61E9CA5A-5F32-4FEF-8D29-60E56AF722AC}.PROD|Any CPU.Build.0 = Debug|Any CPU
		{61E9CA5A-5F32-4FEF-8D29-60E56AF722AC}.PROD|x64.ActiveCfg = Debug|Any CPU
		{61E9CA5A-5F32-4FEF-8D29-60E56AF722AC}.PROD|x64.Build.0 = Debug|Any CPU
		{61E9CA5A-5F32-4FEF-8D29-60E56AF722AC}.PROD|x86.ActiveCfg = Debug|Any CPU
		{61E9CA5A-5F32-4FEF-8D29-60E56AF722AC}.PROD|x86.Build.0 = Debug|Any CPU
		{61E9CA5A-5F32-4FEF-8D29-60E56AF722AC}.Release|Any CPU.ActiveCfg = Release|Any CPU
		{61E9CA5A-5F32-4FEF-8D29-60E56AF722AC}.Release|Any CPU.Build.0 = Release|Any CPU
		{61E9CA5A-5F32-4FEF-8D29-60E56AF722AC}.Release|x64.ActiveCfg = Release|Any CPU
		{61E9CA5A-5F32-4FEF-8D29-60E56AF722AC}.Release|x64.Build.0 = Release|Any CPU
		{61E9CA5A-5F32-4FEF-8D29-60E56AF722AC}.Release|x86.ActiveCfg = Release|Any CPU
		{61E9CA5A-5F32-4FEF-8D29-60E56AF722AC}.Release|x86.Build.0 = Release|Any CPU
	EndGlobalSection
	GlobalSection(SolutionProperties) = preSolution
		HideSolutionNode = FALSE
	EndGlobalSection
	GlobalSection(ExtensibilityGlobals) = postSolution
		SolutionGuid = {2BCCEEF6-24E3-48AF-94F5-2BADCB752E32}
	EndGlobalSection
EndGlobal
